
Microsoft Visual Studio Solution File, Format Version 12.00
# Visual Studio Version 16
VisualStudioVersion = 16.0.29020.237
MinimumVisualStudioVersion = 10.0.40219.1
Project("{FAE04EC0-301F-11D3-BF4B-00C04F79EFBC}") = "AppUI", "AppUI\AppUI.csproj", "{525BC37C-8B6D-4339-A31C-8E706D6FDD8B}"
	ProjectSection(ProjectDependencies) = postProject
		{32FF0DBC-B0F9-4B2E-B6D2-ADD3B97A745F} = {32FF0DBC-B0F9-4B2E-B6D2-ADD3B97A745F}
	EndProjectSection
EndProject
Project("{9A19103F-16F7-4668-BE54-9A1E7A4F7556}") = "AppLogic", "AppLogic\AppLogic.csproj", "{32FF0DBC-B0F9-4B2E-B6D2-ADD3B97A745F}"
EndProject
Project("{FAE04EC0-301F-11D3-BF4B-00C04F79EFBC}") = "DataAccess", "DataAccess\DataAccess.csproj", "{C888A7C5-81D4-4472-8C2B-50A9D502C671}"
	ProjectSection(ProjectDependencies) = postProject
		{32FF0DBC-B0F9-4B2E-B6D2-ADD3B97A745F} = {32FF0DBC-B0F9-4B2E-B6D2-ADD3B97A745F}
	EndProjectSection
EndProject
Global
	GlobalSection(SolutionConfigurationPlatforms) = preSolution
		Debug|Any CPU = Debug|Any CPU
		Release|Any CPU = Release|Any CPU
	EndGlobalSection
	GlobalSection(ProjectConfigurationPlatforms) = postSolution
		{525BC37C-8B6D-4339-A31C-8E706D6FDD8B}.Debug|Any CPU.ActiveCfg = Debug|Any CPU
		{525BC37C-8B6D-4339-A31C-8E706D6FDD8B}.Debug|Any CPU.Build.0 = Debug|Any CPU
		{525BC37C-8B6D-4339-A31C-8E706D6FDD8B}.Release|Any CPU.ActiveCfg = Release|Any CPU
		{525BC37C-8B6D-4339-A31C-8E706D6FDD8B}.Release|Any CPU.Build.0 = Release|Any CPU
		{32FF0DBC-B0F9-4B2E-B6D2-ADD3B97A745F}.Debug|Any CPU.ActiveCfg = Debug|Any CPU
		{32FF0DBC-B0F9-4B2E-B6D2-ADD3B97A745F}.Debug|Any CPU.Build.0 = Debug|Any CPU
		{32FF0DBC-B0F9-4B2E-B6D2-ADD3B97A745F}.Release|Any CPU.ActiveCfg = Release|Any CPU
		{32FF0DBC-B0F9-4B2E-B6D2-ADD3B97A745F}.Release|Any CPU.Build.0 = Release|Any CPU
		{C888A7C5-81D4-4472-8C2B-50A9D502C671}.Debug|Any CPU.ActiveCfg = Debug|Any CPU
		{C888A7C5-81D4-4472-8C2B-50A9D502C671}.Debug|Any CPU.Build.0 = Debug|Any CPU
		{C888A7C5-81D4-4472-8C2B-50A9D502C671}.Release|Any CPU.ActiveCfg = Release|Any CPU
		{C888A7C5-81D4-4472-8C2B-50A9D502C671}.Release|Any CPU.Build.0 = Release|Any CPU
	EndGlobalSection
	GlobalSection(SolutionProperties) = preSolution
		HideSolutionNode = FALSE
	EndGlobalSection
	GlobalSection(ExtensibilityGlobals) = postSolution
		SolutionGuid = {4E8519D7-FA06-47FB-921F-F641D77D25CD}
	EndGlobalSection
EndGlobal
